{
    "_meta": {
        "hash": {
            "sha256": "85bf9994f109bf50ca4cfbbeb3956b1afd7a8701fb030149d418c5ce102ed138"
        },
        "pipfile-spec": 6,
        "requires": {
            "python_version": "3.7"
        },
        "sources": [
            {
                "name": "pypi",
                "url": "https://pypi.org/simple",
                "verify_ssl": true
            }
        ]
    },
    "default": {
        "dj-database-url": {
            "hashes": [
                "sha256:4aeaeb1f573c74835b0686a2b46b85990571159ffc21aa57ecd4d1e1cb334163",
                "sha256:851785365761ebe4994a921b433062309eb882fedd318e1b0fcecc607ed02da9"
            ],
            "index": "pypi",
            "version": "==0.5.0"
        },
        "django": {
            "hashes": [
                "sha256:275bec66fd2588dd517ada59b8bfb23d4a9abc5a362349139ddda3c7ff6f5ade",
                "sha256:939652e9d34d7d53d74d5d8ef82a19e5f8bb2de75618f7e5360691b6e9667963"
            ],
            "index": "pypi",
            "version": "==2.1.7"
        },
        "django-crispy-forms": {
            "hashes": [
                "sha256:5952bab971110d0b86c278132dae0aa095beee8f723e625c3d3fa28888f1675f",
                "sha256:705ededc554ad8736157c666681165fe22ead2dec0d5446d65fc9dd976a5a876"
            ],
            "index": "pypi",
            "version": "==1.7.2"
        },
        "psycopg2": {
            "hashes": [
                "sha256:1ee3f027684db469e3aafa9d4897ed1ca19c599b772e12dca7e61ed1b30ce26e",
                "sha256:224bd45f838f8a714b8e711b4167158d86d01f398c678c46330caf59684a608f",
                "sha256:48c1648d090ca72cf430920fb62f138cd02f9d2b035d2d2654af0a38f28bdc27",
                "sha256:53973aea916a92a172e46b3181fc8f904c9013ae17513ee3029386084449ef07",
                "sha256:60f29f91a88fe7c2d1eb7fb64f3ea99b0bd3d06ea7169e187ccb2cb653f91311",
                "sha256:6b6f745fb3a94a8d48b2e225e14808768ed33c52993ad6319b8f9cb972fec4dd",
                "sha256:70490e12ed9c5c818ecd85d185d363335cc8a8cbf7212e3c185431c79ff8c05c",
                "sha256:83afd42c95ac9e745ba9dcd28c20142ffa85a2ecc628d40fdc85342018ac016b",
                "sha256:863fae11c31f5a7b9ce1e738149793214aad36cff4ca92d7111562e2fdbd7b57",
                "sha256:8c3b69d743e408527208d5ed6aa136b821bbd3cb1e236aa8479ff47ea986769c",
                "sha256:8ffbd1128df23c9fdfc3499084021055b3df7818f12ef87af5b3f33e27d58b0a",
                "sha256:bbc1c4065598146fe804bc0bc23c78429f1cf802ac6290518a371682a1569c4b",
                "sha256:c367d51de53bbe92c5f56dfc32278de79bbe706e64796306a44a6097130fdf84",
                "sha256:ceee85d0b05e2b6e178e8aaa1d7e7ee679e5b712ef7a34798f5136321fe6bb3c",
                "sha256:e03e5df05f85768af112e287cd89eecfce8a8ca2d6db3531402f7f0b0704d749"
            ],
            "index": "pypi",
            "version": "==2.6.2"
        },
        "pytz": {
            "hashes": [
                "sha256:32b0891edff07e28efe91284ed9c31e123d84bea3fd98e1f72be2508f43ef8d9",
                "sha256:d5f05e487007e29e03409f9398d074e158d920d36eb82eaf66fb1136b0c5374c"
            ],
            "version": "==2018.9"
        },
        "whitenoise": {
            "hashes": [
                "sha256:15f43b2e701821b95c9016cf469d29e2a546cb1c7dead584ba82c36f843995cf",
                "sha256:9d81515f2b5b27051910996e1e860b1332e354d9e7bcf30c98f21dcb6713e0dd"
            ],
            "index": "pypi",
            "version": "==3.3.1"
        }
    },
    "develop": {}
}
